
Microsoft Visual Studio Solution File, Format Version 12.00
# Visual Studio Version 16
VisualStudioVersion = 25.0.1706.9
MinimumVisualStudioVersion = 10.0.40219.1
Project("{FAE04EC0-301F-11D3-BF4B-00C04F79EFBC}") = "Test", "Test\Test.csproj", "{A635932B-5B66-4D72-B85A-DDA8A81598CA}"
EndProject
Global
	GlobalSection(SolutionConfigurationPlatforms) = preSolution
		Debug|Any CPU = Debug|Any CPU
		Release|Any CPU = Release|Any CPU
	EndGlobalSection
	GlobalSection(ProjectConfigurationPlatforms) = postSolution
		{A635932B-5B66-4D72-B85A-DDA8A81598CA}.Debug|Any CPU.ActiveCfg = Debug|Any CPU
		{A635932B-5B66-4D72-B85A-DDA8A81598CA}.Debug|Any CPU.Build.0 = Debug|Any CPU
		{A635932B-5B66-4D72-B85A-DDA8A81598CA}.Release|Any CPU.ActiveCfg = Release|Any CPU
		{A635932B-5B66-4D72-B85A-DDA8A81598CA}.Release|Any CPU.Build.0 = Release|Any CPU
	EndGlobalSection
	GlobalSection(SolutionProperties) = preSolution
		HideSolutionNode = FALSE
	EndGlobalSection
	GlobalSection(ExtensibilityGlobals) = postSolution
		SolutionGuid = {E5CC2600-2EB9-4702-B714-C0BD7B84C814}
	EndGlobalSection
EndGlobal
