
Microsoft Visual Studio Solution File, Format Version 12.00
# Visual Studio Version 16
VisualStudioVersion = 25.0.1706.9
MinimumVisualStudioVersion = 10.0.40219.1
Project("{FAE04EC0-301F-11D3-BF4B-00C04F79EFBC}") = "SwinAdvTest", "SwinAdvTest.csproj", "{DFA0382B-4486-46D8-9B17-B6D67F8AA373}"
EndProject
Global
	GlobalSection(SolutionConfigurationPlatforms) = preSolution
		Debug|Any CPU = Debug|Any CPU
		Release|Any CPU = Release|Any CPU
	EndGlobalSection
	GlobalSection(ProjectConfigurationPlatforms) = postSolution
		{DFA0382B-4486-46D8-9B17-B6D67F8AA373}.Debug|Any CPU.ActiveCfg = Debug|Any CPU
		{DFA0382B-4486-46D8-9B17-B6D67F8AA373}.Debug|Any CPU.Build.0 = Debug|Any CPU
		{DFA0382B-4486-46D8-9B17-B6D67F8AA373}.Release|Any CPU.ActiveCfg = Release|Any CPU
		{DFA0382B-4486-46D8-9B17-B6D67F8AA373}.Release|Any CPU.Build.0 = Release|Any CPU
	EndGlobalSection
	GlobalSection(SolutionProperties) = preSolution
		HideSolutionNode = FALSE
	EndGlobalSection
	GlobalSection(ExtensibilityGlobals) = postSolution
		SolutionGuid = {123705EB-D4D4-4642-BB20-F7E57B48A4EF}
	EndGlobalSection
EndGlobal
